
Microsoft Visual Studio Solution File, Format Version 12.00
# Visual Studio 15
VisualStudioVersion = 15.0.26124.0
MinimumVisualStudioVersion = 15.0.26124.0
Project("{FAE04EC0-301F-11D3-BF4B-00C04F79EFBC}") = "gamesforfriends.api", "gamesforfriends.api\gamesforfriends.api.csproj", "{774DBDE4-224B-47E1-84F0-B73BFC97B0DF}"
EndProject
Project("{FAE04EC0-301F-11D3-BF4B-00C04F79EFBC}") = "gamesforfriends.domain", "gamesforfriends.domain\gamesforfriends.domain.csproj", "{7EC3CCE7-71FE-43A8-8B28-8B54028DAB55}"
EndProject
Project("{FAE04EC0-301F-11D3-BF4B-00C04F79EFBC}") = "gamesforfriends.infra", "gamesforfriends.infra\gamesforfriends.infra.csproj", "{C4BCFDF8-2A52-4B4F-837C-E8413A0575A0}"
EndProject
Project("{FAE04EC0-301F-11D3-BF4B-00C04F79EFBC}") = "gamesforfriends.infra.repositories", "gamesforfriends.infra.repositories\gamesforfriends.infra.repositories.csproj", "{4270C469-A8EA-4235-B73B-A8CC7CDAC456}"
EndProject
Project("{2150E333-8FDC-42A3-9474-1A3956D46DE8}") = "tests", "tests", "{272CCAA0-0E8B-412A-A5ED-06EDC334F12F}"
EndProject
Project("{FAE04EC0-301F-11D3-BF4B-00C04F79EFBC}") = "gamesforfriends.domain.tests", "tests\gamesforfriends.domain.tests\gamesforfriends.domain.tests.csproj", "{BCC7D566-CB8A-4DA3-AE98-1CCFE2FAE853}"
EndProject
Global
	GlobalSection(SolutionConfigurationPlatforms) = preSolution
		Debug|Any CPU = Debug|Any CPU
		Debug|x64 = Debug|x64
		Debug|x86 = Debug|x86
		Release|Any CPU = Release|Any CPU
		Release|x64 = Release|x64
		Release|x86 = Release|x86
	EndGlobalSection
	GlobalSection(SolutionProperties) = preSolution
		HideSolutionNode = FALSE
	EndGlobalSection
	GlobalSection(ProjectConfigurationPlatforms) = postSolution
		{774DBDE4-224B-47E1-84F0-B73BFC97B0DF}.Debug|Any CPU.ActiveCfg = Debug|Any CPU
		{774DBDE4-224B-47E1-84F0-B73BFC97B0DF}.Debug|Any CPU.Build.0 = Debug|Any CPU
		{774DBDE4-224B-47E1-84F0-B73BFC97B0DF}.Debug|x64.ActiveCfg = Debug|Any CPU
		{774DBDE4-224B-47E1-84F0-B73BFC97B0DF}.Debug|x64.Build.0 = Debug|Any CPU
		{774DBDE4-224B-47E1-84F0-B73BFC97B0DF}.Debug|x86.ActiveCfg = Debug|Any CPU
		{774DBDE4-224B-47E1-84F0-B73BFC97B0DF}.Debug|x86.Build.0 = Debug|Any CPU
		{774DBDE4-224B-47E1-84F0-B73BFC97B0DF}.Release|Any CPU.ActiveCfg = Release|Any CPU
		{774DBDE4-224B-47E1-84F0-B73BFC97B0DF}.Release|Any CPU.Build.0 = Release|Any CPU
		{774DBDE4-224B-47E1-84F0-B73BFC97B0DF}.Release|x64.ActiveCfg = Release|Any CPU
		{774DBDE4-224B-47E1-84F0-B73BFC97B0DF}.Release|x64.Build.0 = Release|Any CPU
		{774DBDE4-224B-47E1-84F0-B73BFC97B0DF}.Release|x86.ActiveCfg = Release|Any CPU
		{774DBDE4-224B-47E1-84F0-B73BFC97B0DF}.Release|x86.Build.0 = Release|Any CPU
		{7EC3CCE7-71FE-43A8-8B28-8B54028DAB55}.Debug|Any CPU.ActiveCfg = Debug|Any CPU
		{7EC3CCE7-71FE-43A8-8B28-8B54028DAB55}.Debug|Any CPU.Build.0 = Debug|Any CPU
		{7EC3CCE7-71FE-43A8-8B28-8B54028DAB55}.Debug|x64.ActiveCfg = Debug|Any CPU
		{7EC3CCE7-71FE-43A8-8B28-8B54028DAB55}.Debug|x64.Build.0 = Debug|Any CPU
		{7EC3CCE7-71FE-43A8-8B28-8B54028DAB55}.Debug|x86.ActiveCfg = Debug|Any CPU
		{7EC3CCE7-71FE-43A8-8B28-8B54028DAB55}.Debug|x86.Build.0 = Debug|Any CPU
		{7EC3CCE7-71FE-43A8-8B28-8B54028DAB55}.Release|Any CPU.ActiveCfg = Release|Any CPU
		{7EC3CCE7-71FE-43A8-8B28-8B54028DAB55}.Release|Any CPU.Build.0 = Release|Any CPU
		{7EC3CCE7-71FE-43A8-8B28-8B54028DAB55}.Release|x64.ActiveCfg = Release|Any CPU
		{7EC3CCE7-71FE-43A8-8B28-8B54028DAB55}.Release|x64.Build.0 = Release|Any CPU
		{7EC3CCE7-71FE-43A8-8B28-8B54028DAB55}.Release|x86.ActiveCfg = Release|Any CPU
		{7EC3CCE7-71FE-43A8-8B28-8B54028DAB55}.Release|x86.Build.0 = Release|Any CPU
		{C4BCFDF8-2A52-4B4F-837C-E8413A0575A0}.Debug|Any CPU.ActiveCfg = Debug|Any CPU
		{C4BCFDF8-2A52-4B4F-837C-E8413A0575A0}.Debug|Any CPU.Build.0 = Debug|Any CPU
		{C4BCFDF8-2A52-4B4F-837C-E8413A0575A0}.Debug|x64.ActiveCfg = Debug|Any CPU
		{C4BCFDF8-2A52-4B4F-837C-E8413A0575A0}.Debug|x64.Build.0 = Debug|Any CPU
		{C4BCFDF8-2A52-4B4F-837C-E8413A0575A0}.Debug|x86.ActiveCfg = Debug|Any CPU
		{C4BCFDF8-2A52-4B4F-837C-E8413A0575A0}.Debug|x86.Build.0 = Debug|Any CPU
		{C4BCFDF8-2A52-4B4F-837C-E8413A0575A0}.Release|Any CPU.ActiveCfg = Release|Any CPU
		{C4BCFDF8-2A52-4B4F-837C-E8413A0575A0}.Release|Any CPU.Build.0 = Release|Any CPU
		{C4BCFDF8-2A52-4B4F-837C-E8413A0575A0}.Release|x64.ActiveCfg = Release|Any CPU
		{C4BCFDF8-2A52-4B4F-837C-E8413A0575A0}.Release|x64.Build.0 = Release|Any CPU
		{C4BCFDF8-2A52-4B4F-837C-E8413A0575A0}.Release|x86.ActiveCfg = Release|Any CPU
		{C4BCFDF8-2A52-4B4F-837C-E8413A0575A0}.Release|x86.Build.0 = Release|Any CPU
		{4270C469-A8EA-4235-B73B-A8CC7CDAC456}.Debug|Any CPU.ActiveCfg = Debug|Any CPU
		{4270C469-A8EA-4235-B73B-A8CC7CDAC456}.Debug|Any CPU.Build.0 = Debug|Any CPU
		{4270C469-A8EA-4235-B73B-A8CC7CDAC456}.Debug|x64.ActiveCfg = Debug|Any CPU
		{4270C469-A8EA-4235-B73B-A8CC7CDAC456}.Debug|x64.Build.0 = Debug|Any CPU
		{4270C469-A8EA-4235-B73B-A8CC7CDAC456}.Debug|x86.ActiveCfg = Debug|Any CPU
		{4270C469-A8EA-4235-B73B-A8CC7CDAC456}.Debug|x86.Build.0 = Debug|Any CPU
		{4270C469-A8EA-4235-B73B-A8CC7CDAC456}.Release|Any CPU.ActiveCfg = Release|Any CPU
		{4270C469-A8EA-4235-B73B-A8CC7CDAC456}.Release|Any CPU.Build.0 = Release|Any CPU
		{4270C469-A8EA-4235-B73B-A8CC7CDAC456}.Release|x64.ActiveCfg = Release|Any CPU
		{4270C469-A8EA-4235-B73B-A8CC7CDAC456}.Release|x64.Build.0 = Release|Any CPU
		{4270C469-A8EA-4235-B73B-A8CC7CDAC456}.Release|x86.ActiveCfg = Release|Any CPU
		{4270C469-A8EA-4235-B73B-A8CC7CDAC456}.Release|x86.Build.0 = Release|Any CPU
		{BCC7D566-CB8A-4DA3-AE98-1CCFE2FAE853}.Debug|Any CPU.ActiveCfg = Debug|Any CPU
		{BCC7D566-CB8A-4DA3-AE98-1CCFE2FAE853}.Debug|Any CPU.Build.0 = Debug|Any CPU
		{BCC7D566-CB8A-4DA3-AE98-1CCFE2FAE853}.Debug|x64.ActiveCfg = Debug|Any CPU
		{BCC7D566-CB8A-4DA3-AE98-1CCFE2FAE853}.Debug|x64.Build.0 = Debug|Any CPU
		{BCC7D566-CB8A-4DA3-AE98-1CCFE2FAE853}.Debug|x86.ActiveCfg = Debug|Any CPU
		{BCC7D566-CB8A-4DA3-AE98-1CCFE2FAE853}.Debug|x86.Build.0 = Debug|Any CPU
		{BCC7D566-CB8A-4DA3-AE98-1CCFE2FAE853}.Release|Any CPU.ActiveCfg = Release|Any CPU
		{BCC7D566-CB8A-4DA3-AE98-1CCFE2FAE853}.Release|Any CPU.Build.0 = Release|Any CPU
		{BCC7D566-CB8A-4DA3-AE98-1CCFE2FAE853}.Release|x64.ActiveCfg = Release|Any CPU
		{BCC7D566-CB8A-4DA3-AE98-1CCFE2FAE853}.Release|x64.Build.0 = Release|Any CPU
		{BCC7D566-CB8A-4DA3-AE98-1CCFE2FAE853}.Release|x86.ActiveCfg = Release|Any CPU
		{BCC7D566-CB8A-4DA3-AE98-1CCFE2FAE853}.Release|x86.Build.0 = Release|Any CPU
	EndGlobalSection
	GlobalSection(NestedProjects) = preSolution
		{BCC7D566-CB8A-4DA3-AE98-1CCFE2FAE853} = {272CCAA0-0E8B-412A-A5ED-06EDC334F12F}
	EndGlobalSection
EndGlobal
